<?xml version="1.0" encoding="utf-8"?>
<Project ToolsVersion="4.0" xmlns="http://schemas.microsoft.com/developer/msbuild/2003">
  <ItemGroup>
    <ClInclude Include="..\lib\rw_usr.h">
      <Filter>rw</Filter>
    </ClInclude>
    <ClInclude Include="..\lib\rw-cmnt.h">
      <Filter>rw</Filter>
    </ClInclude>
    <ClInclude Include="..\lib\rw-ctgry.h">
      <Filter>rw</Filter>
    </ClInclude>
    <ClInclude Include="..\lib\rw-proj.h">
      <Filter>rw</Filter>
    </ClInclude>
    <ClInclude Include="..\lib\rw-task.h">
      <Filter>rw</Filter>
    </ClInclude>
    <ClInclude Include="..\lib\structs.h">
      <Filter>db</Filter>
    </ClInclude>
    <ClInclude Include="..\lib\globals.h">
      <Filter>App</Filter>
    </ClInclude>
    <ClInclude Include="..\lib\login.h">
      <Filter>functions</Filter>
    </ClInclude>
    <ClInclude Include="..\unitTesting\testLogin.h">
      <Filter>unit testing</Filter>
    </ClInclude>
    <ClInclude Include="..\unitTesting\testGetDbs.h">
      <Filter>unit testing</Filter>
    </ClInclude>
    <ClInclude Include="..\unitTesting\unitTest.h">
      <Filter>unit testing</Filter>
    </ClInclude>
    <ClInclude Include="..\unitTesting\testTask.h">
      <Filter>unit testing</Filter>
    </ClInclude>
    <ClInclude Include="..\unitTesting\testUser.h">
      <Filter>unit testing</Filter>
    </ClInclude>
    <ClInclude Include="..\unitTesting\testComm.h">
      <Filter>unit testing</Filter>
    </ClInclude>
    <ClInclude Include="..\unitTesting\testProj.h">
      <Filter>unit testing</Filter>
    </ClInclude>
    <ClInclude Include="..\unitTesting\testtask.h">
      <Filter>unit testing</Filter>
    </ClInclude>
    <ClInclude Include="..\unitTesting\testcat.h">
      <Filter>unit testing</Filter>
    </ClInclude>
    <ClInclude Include="..\unitTesting\testcomm.h">
      <Filter>unit testing</Filter>
    </ClInclude>
  </ItemGroup>
  <ItemGroup>
    <Text Include="..\db\projects.txt">
      <Filter>db</Filter>
    </Text>
    <Text Include="..\db\tasks.txt">
      <Filter>db</Filter>
    </Text>
    <Text Include="..\db\users.txt">
      <Filter>db</Filter>
    </Text>
  </ItemGroup>
  <ItemGroup>
    <Filter Include="App">
      <UniqueIdentifier>{80686630-55c0-4a41-81b4-5f753d06bfa8}</UniqueIdentifier>
    </Filter>
    <Filter Include="rw">
      <UniqueIdentifier>{5727339c-9149-4985-873d-08f5f3290b26}</UniqueIdentifier>
    </Filter>
    <Filter Include="db">
      <UniqueIdentifier>{fb031c7e-6982-4e5e-8020-813dc482570a}</UniqueIdentifier>
    </Filter>
    <Filter Include="functions">
      <UniqueIdentifier>{787e9b50-0ddb-4bfc-839e-721c81a7bb36}</UniqueIdentifier>
    </Filter>
    <Filter Include="unit testing">
      <UniqueIdentifier>{2be0f74f-6a12-4d50-a984-47ceb24e1eee}</UniqueIdentifier>
    </Filter>
  </ItemGroup>
  <ItemGroup>
    <ClCompile Include="..\app.c">
      <Filter>App</Filter>
    </ClCompile>
  </ItemGroup>
</Project>